
Microsoft Visual Studio Solution File, Format Version 12.00
# Visual Studio Version 17
VisualStudioVersion = 17.2.32630.192
MinimumVisualStudioVersion = 10.0.40219.1
Project("{FAE04EC0-301F-11D3-BF4B-00C04F79EFBC}") = "BackendLib", "BackendLib\BackendLib.csproj", "{6068FEA1-EC3F-4386-A383-1D2C07B50CDF}"
EndProject
Project("{FAE04EC0-301F-11D3-BF4B-00C04F79EFBC}") = "LocalApp", "LocalApp\LocalApp.csproj", "{7D102EA0-B5D4-402C-89D0-766B69F03A42}"
EndProject
Project("{FAE04EC0-301F-11D3-BF4B-00C04F79EFBC}") = "WebApp", "WebApp\WebApp.csproj", "{1DD9D42B-D85F-4F54-A827-20F8FAF47EF4}"
EndProject
Global
	GlobalSection(SolutionConfigurationPlatforms) = preSolution
		Debug|Any CPU = Debug|Any CPU
		Release|Any CPU = Release|Any CPU
	EndGlobalSection
	GlobalSection(ProjectConfigurationPlatforms) = postSolution
		{6068FEA1-EC3F-4386-A383-1D2C07B50CDF}.Debug|Any CPU.ActiveCfg = Debug|Any CPU
		{6068FEA1-EC3F-4386-A383-1D2C07B50CDF}.Debug|Any CPU.Build.0 = Debug|Any CPU
		{6068FEA1-EC3F-4386-A383-1D2C07B50CDF}.Release|Any CPU.ActiveCfg = Release|Any CPU
		{6068FEA1-EC3F-4386-A383-1D2C07B50CDF}.Release|Any CPU.Build.0 = Release|Any CPU
		{7D102EA0-B5D4-402C-89D0-766B69F03A42}.Debug|Any CPU.ActiveCfg = Debug|Any CPU
		{7D102EA0-B5D4-402C-89D0-766B69F03A42}.Debug|Any CPU.Build.0 = Debug|Any CPU
		{7D102EA0-B5D4-402C-89D0-766B69F03A42}.Release|Any CPU.ActiveCfg = Release|Any CPU
		{7D102EA0-B5D4-402C-89D0-766B69F03A42}.Release|Any CPU.Build.0 = Release|Any CPU
		{1DD9D42B-D85F-4F54-A827-20F8FAF47EF4}.Debug|Any CPU.ActiveCfg = Debug|Any CPU
		{1DD9D42B-D85F-4F54-A827-20F8FAF47EF4}.Debug|Any CPU.Build.0 = Debug|Any CPU
		{1DD9D42B-D85F-4F54-A827-20F8FAF47EF4}.Release|Any CPU.ActiveCfg = Release|Any CPU
		{1DD9D42B-D85F-4F54-A827-20F8FAF47EF4}.Release|Any CPU.Build.0 = Release|Any CPU
	EndGlobalSection
	GlobalSection(SolutionProperties) = preSolution
		HideSolutionNode = FALSE
	EndGlobalSection
	GlobalSection(ExtensibilityGlobals) = postSolution
		SolutionGuid = {FB3195C7-BED4-4104-BDCB-687D5B107421}
	EndGlobalSection
EndGlobal
