
Microsoft Visual Studio Solution File, Format Version 12.00
# Visual Studio Version 17
VisualStudioVersion = 17.1.32328.378
MinimumVisualStudioVersion = 10.0.40219.1
Project("{9A19103F-16F7-4668-BE54-9A1E7A4F7556}") = "ColourConversion", "ColourConversion\ColourConversion.csproj", "{5F56DDE7-AA5E-43BC-8DA1-9CD6A2C9EDCB}"
EndProject
Project("{9A19103F-16F7-4668-BE54-9A1E7A4F7556}") = "SimpleEdgeDetection", "SimpleEdgeDetection\SimpleEdgeDetection.csproj", "{E71212F8-69C7-4204-8465-12F8E52F771C}"
EndProject
Project("{9A19103F-16F7-4668-BE54-9A1E7A4F7556}") = "GuassianFilter", "GuassianFilter\GuassianFilter.csproj", "{D00EE75F-C6B2-4D02-ACCD-E48E34577734}"
EndProject
Project("{9A19103F-16F7-4668-BE54-9A1E7A4F7556}") = "GradientCalculations", "GradientCalculations\GradientCalculations.csproj", "{46B7F431-E717-4F41-A0F8-125C4A25CCC4}"
EndProject
Project("{FAE04EC0-301F-11D3-BF4B-00C04F79EFBC}") = "CannyEdgeDetection", "CannyEdgeDetection\CannyEdgeDetection.csproj", "{F109A5E2-7909-4288-B22D-D201280B499F}"
EndProject
Project("{FAE04EC0-301F-11D3-BF4B-00C04F79EFBC}") = "ExperimentalFilling", "ExperimentalFilling\ExperimentalFilling.csproj", "{396248E4-E717-472B-B38F-80EBE07CE76E}"
EndProject
Global
	GlobalSection(SolutionConfigurationPlatforms) = preSolution
		Debug|Any CPU = Debug|Any CPU
		Release|Any CPU = Release|Any CPU
	EndGlobalSection
	GlobalSection(ProjectConfigurationPlatforms) = postSolution
		{5F56DDE7-AA5E-43BC-8DA1-9CD6A2C9EDCB}.Debug|Any CPU.ActiveCfg = Debug|Any CPU
		{5F56DDE7-AA5E-43BC-8DA1-9CD6A2C9EDCB}.Debug|Any CPU.Build.0 = Debug|Any CPU
		{5F56DDE7-AA5E-43BC-8DA1-9CD6A2C9EDCB}.Release|Any CPU.ActiveCfg = Release|Any CPU
		{5F56DDE7-AA5E-43BC-8DA1-9CD6A2C9EDCB}.Release|Any CPU.Build.0 = Release|Any CPU
		{E71212F8-69C7-4204-8465-12F8E52F771C}.Debug|Any CPU.ActiveCfg = Debug|Any CPU
		{E71212F8-69C7-4204-8465-12F8E52F771C}.Debug|Any CPU.Build.0 = Debug|Any CPU
		{E71212F8-69C7-4204-8465-12F8E52F771C}.Release|Any CPU.ActiveCfg = Release|Any CPU
		{E71212F8-69C7-4204-8465-12F8E52F771C}.Release|Any CPU.Build.0 = Release|Any CPU
		{D00EE75F-C6B2-4D02-ACCD-E48E34577734}.Debug|Any CPU.ActiveCfg = Debug|Any CPU
		{D00EE75F-C6B2-4D02-ACCD-E48E34577734}.Debug|Any CPU.Build.0 = Debug|Any CPU
		{D00EE75F-C6B2-4D02-ACCD-E48E34577734}.Release|Any CPU.ActiveCfg = Release|Any CPU
		{D00EE75F-C6B2-4D02-ACCD-E48E34577734}.Release|Any CPU.Build.0 = Release|Any CPU
		{46B7F431-E717-4F41-A0F8-125C4A25CCC4}.Debug|Any CPU.ActiveCfg = Debug|Any CPU
		{46B7F431-E717-4F41-A0F8-125C4A25CCC4}.Debug|Any CPU.Build.0 = Debug|Any CPU
		{46B7F431-E717-4F41-A0F8-125C4A25CCC4}.Release|Any CPU.ActiveCfg = Release|Any CPU
		{46B7F431-E717-4F41-A0F8-125C4A25CCC4}.Release|Any CPU.Build.0 = Release|Any CPU
		{F109A5E2-7909-4288-B22D-D201280B499F}.Debug|Any CPU.ActiveCfg = Debug|Any CPU
		{F109A5E2-7909-4288-B22D-D201280B499F}.Debug|Any CPU.Build.0 = Debug|Any CPU
		{F109A5E2-7909-4288-B22D-D201280B499F}.Release|Any CPU.ActiveCfg = Release|Any CPU
		{F109A5E2-7909-4288-B22D-D201280B499F}.Release|Any CPU.Build.0 = Release|Any CPU
		{396248E4-E717-472B-B38F-80EBE07CE76E}.Debug|Any CPU.ActiveCfg = Debug|Any CPU
		{396248E4-E717-472B-B38F-80EBE07CE76E}.Debug|Any CPU.Build.0 = Debug|Any CPU
		{396248E4-E717-472B-B38F-80EBE07CE76E}.Release|Any CPU.ActiveCfg = Release|Any CPU
		{396248E4-E717-472B-B38F-80EBE07CE76E}.Release|Any CPU.Build.0 = Release|Any CPU
	EndGlobalSection
	GlobalSection(SolutionProperties) = preSolution
		HideSolutionNode = FALSE
	EndGlobalSection
	GlobalSection(ExtensibilityGlobals) = postSolution
		SolutionGuid = {38638C91-C13E-4710-BE14-7865081F89EA}
	EndGlobalSection
EndGlobal
