
Microsoft Visual Studio Solution File, Format Version 12.00
# Visual Studio Version 16
VisualStudioVersion = 16.0.29306.81
MinimumVisualStudioVersion = 10.0.40219.1
Project("{FAE04EC0-301F-11D3-BF4B-00C04F79EFBC}") = "FinalSolution", "FinalSolution\FinalSolution.csproj", "{29302E76-68FA-4741-95AC-6EEC49FF51F2}"
EndProject
Global
	GlobalSection(SolutionConfigurationPlatforms) = preSolution
		Debug|Any CPU = Debug|Any CPU
		Release|Any CPU = Release|Any CPU
	EndGlobalSection
	GlobalSection(ProjectConfigurationPlatforms) = postSolution
		{29302E76-68FA-4741-95AC-6EEC49FF51F2}.Debug|Any CPU.ActiveCfg = Debug|Any CPU
		{29302E76-68FA-4741-95AC-6EEC49FF51F2}.Debug|Any CPU.Build.0 = Debug|Any CPU
		{29302E76-68FA-4741-95AC-6EEC49FF51F2}.Release|Any CPU.ActiveCfg = Release|Any CPU
		{29302E76-68FA-4741-95AC-6EEC49FF51F2}.Release|Any CPU.Build.0 = Release|Any CPU
	EndGlobalSection
	GlobalSection(SolutionProperties) = preSolution
		HideSolutionNode = FALSE
	EndGlobalSection
	GlobalSection(ExtensibilityGlobals) = postSolution
		SolutionGuid = {E4DB76F7-BDAC-40C6-A503-470BC3D039E5}
	EndGlobalSection
EndGlobal
